// !$*UTF8*$!
{
	archiveVersion = 1;
	classes = {
	};
	objectVersion = 55;
	objects = {

/* Begin PBXBuildFile section */
		9B2373B708CEDE453110E580 /* libPods-CameraPractice.a in Frameworks */ = {isa = PBXBuildFile; fileRef = BFB10BA060D23B295B40FEF6 /* libPods-CameraPractice.a */; };
		A01287D6284456650068A093 /* DefaultDeviceConfiguration.swift in Sources */ = {isa = PBXBuildFile; fileRef = A01287D5284456650068A093 /* DefaultDeviceConfiguration.swift */; };
		A0190F422875203B000F5753 /* ScreenMetalView.swift in Sources */ = {isa = PBXBuildFile; fileRef = A0190F412875203B000F5753 /* ScreenMetalView.swift */; };
		A0190F5828755602000F5753 /* PassThrough.metal in Sources */ = {isa = PBXBuildFile; fileRef = A0190F4528755424000F5753 /* PassThrough.metal */; };
		A030308828532604008BB69D /* RecordTimer.swift in Sources */ = {isa = PBXBuildFile; fileRef = A030308728532604008BB69D /* RecordTimer.swift */; };
		A030308A285346C9008BB69D /* DefaultPhotoSettings.swift in Sources */ = {isa = PBXBuildFile; fileRef = A0303089285346C9008BB69D /* DefaultPhotoSettings.swift */; };
		A03B439A2858473B0050B656 /* DefaultAssetScreenRepository.swift in Sources */ = {isa = PBXBuildFile; fileRef = A03B43992858473B0050B656 /* DefaultAssetScreenRepository.swift */; };
		A03B439C285847520050B656 /* AssetScreenRepository.swift in Sources */ = {isa = PBXBuildFile; fileRef = A03B439B285847520050B656 /* AssetScreenRepository.swift */; };
		A049FF6E288A4339009A2E2F /* FilterResources.bundle in Resources */ = {isa = PBXBuildFile; fileRef = A049FF6D288A4339009A2E2F /* FilterResources.bundle */; };
		A049FF6F288A4341009A2E2F /* FilterResources.bundle in Sources */ = {isa = PBXBuildFile; fileRef = A049FF6D288A4339009A2E2F /* FilterResources.bundle */; };
		A06975D62865922B00FE8462 /* ImageManager.swift in Sources */ = {isa = PBXBuildFile; fileRef = A06975D52865922B00FE8462 /* ImageManager.swift */; };
		A06975D9286592F700FE8462 /* CachingImageManager.swift in Sources */ = {isa = PBXBuildFile; fileRef = A06975D8286592F700FE8462 /* CachingImageManager.swift */; };
		A06975DC286593DA00FE8462 /* ImageRequestOptions.swift in Sources */ = {isa = PBXBuildFile; fileRef = A06975DB286593DA00FE8462 /* ImageRequestOptions.swift */; };
		A06975DF2865961B00FE8462 /* VideoRequestOptions.swift in Sources */ = {isa = PBXBuildFile; fileRef = A06975DE2865961B00FE8462 /* VideoRequestOptions.swift */; };
		A07F58F22861CE23000220E7 /* MovieTrimViewModel.swift in Sources */ = {isa = PBXBuildFile; fileRef = A07F58F12861CE23000220E7 /* MovieTrimViewModel.swift */; };
		A07F58F42861CE35000220E7 /* MovieTrimViewController.swift in Sources */ = {isa = PBXBuildFile; fileRef = A07F58F32861CE35000220E7 /* MovieTrimViewController.swift */; };
		A07F58FA2861D144000220E7 /* MovieTrimUseCase.swift in Sources */ = {isa = PBXBuildFile; fileRef = A07F58F92861D144000220E7 /* MovieTrimUseCase.swift */; };
		A07F58FE2861D2BA000220E7 /* DefaultMovieTrimRepository.swift in Sources */ = {isa = PBXBuildFile; fileRef = A07F58FD2861D2BA000220E7 /* DefaultMovieTrimRepository.swift */; };
		A07F59002861D2D3000220E7 /* MovieTrimRepository.swift in Sources */ = {isa = PBXBuildFile; fileRef = A07F58FF2861D2D3000220E7 /* MovieTrimRepository.swift */; };
		A083B74528506C9600949ED4 /* PhotoCaptureProcessor.swift in Sources */ = {isa = PBXBuildFile; fileRef = A083B74428506C9600949ED4 /* PhotoCaptureProcessor.swift */; };
		A084364A286AE6D6004E8FFE /* AVAssetTrack+CGAffineTransform.swift in Sources */ = {isa = PBXBuildFile; fileRef = A0843649286AE6D6004E8FFE /* AVAssetTrack+CGAffineTransform.swift */; };
		A085168C2859A6BF0034D662 /* AssetsCollectionViewCell.swift in Sources */ = {isa = PBXBuildFile; fileRef = A085168B2859A6BF0034D662 /* AssetsCollectionViewCell.swift */; };
		A087047C2862E9B90091418D /* MovieCombineEditor.swift in Sources */ = {isa = PBXBuildFile; fileRef = A087047B2862E9B90091418D /* MovieCombineEditor.swift */; };
		A08F070F2857346E005AE166 /* MediaPickerViewController.swift in Sources */ = {isa = PBXBuildFile; fileRef = A08F070E2857346E005AE166 /* MediaPickerViewController.swift */; };
		A08F071428573A8A005AE166 /* MediaPickerUseCase.swift in Sources */ = {isa = PBXBuildFile; fileRef = A08F071328573A8A005AE166 /* MediaPickerUseCase.swift */; };
		A08F071728573ABA005AE166 /* MediaPickerViewModel.swift in Sources */ = {isa = PBXBuildFile; fileRef = A08F071628573ABA005AE166 /* MediaPickerViewModel.swift */; };
		A08F071928573B18005AE166 /* DefaultMediaPickerRepository.swift in Sources */ = {isa = PBXBuildFile; fileRef = A08F071828573B18005AE166 /* DefaultMediaPickerRepository.swift */; };
		A08F071B28573B27005AE166 /* MediaPickerRepository.swift in Sources */ = {isa = PBXBuildFile; fileRef = A08F071A28573B27005AE166 /* MediaPickerRepository.swift */; };
		A0985E9B2873D1CD00C386DE /* MovieRecorder.swift in Sources */ = {isa = PBXBuildFile; fileRef = A0985E9A2873D1CD00C386DE /* MovieRecorder.swift */; };
		A0985E9D2873D9CB00C386DE /* AVCaptureVideoOrientation.swift in Sources */ = {isa = PBXBuildFile; fileRef = A0985E9C2873D9CB00C386DE /* AVCaptureVideoOrientation.swift */; };
		A0985E9F2873D9F900C386DE /* AVCaptureConnection.swift in Sources */ = {isa = PBXBuildFile; fileRef = A0985E9E2873D9F900C386DE /* AVCaptureConnection.swift */; };
		A0A0968A2840900B00BCB214 /* AppDelegate.swift in Sources */ = {isa = PBXBuildFile; fileRef = A0A096892840900B00BCB214 /* AppDelegate.swift */; };
		A0A0968C2840900B00BCB214 /* SceneDelegate.swift in Sources */ = {isa = PBXBuildFile; fileRef = A0A0968B2840900B00BCB214 /* SceneDelegate.swift */; };
		A0A096932840900D00BCB214 /* Assets.xcassets in Resources */ = {isa = PBXBuildFile; fileRef = A0A096922840900D00BCB214 /* Assets.xcassets */; };
		A0A096962840900D00BCB214 /* LaunchScreen.storyboard in Resources */ = {isa = PBXBuildFile; fileRef = A0A096942840900D00BCB214 /* LaunchScreen.storyboard */; };
		A0A096A8284090FD00BCB214 /* SceneDIContainer.swift in Sources */ = {isa = PBXBuildFile; fileRef = A0A096A7284090FD00BCB214 /* SceneDIContainer.swift */; };
		A0A096AA2840910500BCB214 /* AppDIContainer.swift in Sources */ = {isa = PBXBuildFile; fileRef = A0A096A92840910500BCB214 /* AppDIContainer.swift */; };
		A0A096AC2840911B00BCB214 /* AppFlowCoordinator.swift in Sources */ = {isa = PBXBuildFile; fileRef = A0A096AB2840911B00BCB214 /* AppFlowCoordinator.swift */; };
		A0A096AF2840918900BCB214 /* ViewFlowCoordinator.swift in Sources */ = {isa = PBXBuildFile; fileRef = A0A096AE2840918900BCB214 /* ViewFlowCoordinator.swift */; };
		A0A096B12840AC4F00BCB214 /* StudioViewController.swift in Sources */ = {isa = PBXBuildFile; fileRef = A0A096B02840AC4F00BCB214 /* StudioViewController.swift */; };
		A0A096B52840ACAD00BCB214 /* StudioViewModel.swift in Sources */ = {isa = PBXBuildFile; fileRef = A0A096B42840ACAD00BCB214 /* StudioViewModel.swift */; };
		A0A096B92840ACE000BCB214 /* StudioUseCase.swift in Sources */ = {isa = PBXBuildFile; fileRef = A0A096B82840ACE000BCB214 /* StudioUseCase.swift */; };
		A0A096BB2840AD0100BCB214 /* StudioRepository.swift in Sources */ = {isa = PBXBuildFile; fileRef = A0A096BA2840AD0100BCB214 /* StudioRepository.swift */; };
		A0A096BD2840AD1D00BCB214 /* DefaultStudioRepository.swift in Sources */ = {isa = PBXBuildFile; fileRef = A0A096BC2840AD1D00BCB214 /* DefaultStudioRepository.swift */; };
		A0A096C02840AF5300BCB214 /* Observable.swift in Sources */ = {isa = PBXBuildFile; fileRef = A0A096BF2840AF5300BCB214 /* Observable.swift */; };
		A0A096C62840C08A00BCB214 /* AuthorizationManager.swift in Sources */ = {isa = PBXBuildFile; fileRef = A0A096C52840C08A00BCB214 /* AuthorizationManager.swift */; };
		A0BE9E58285C4FF8001B9240 /* AssetEditor.swift in Sources */ = {isa = PBXBuildFile; fileRef = A0BE9E57285C4FF8001B9240 /* AssetEditor.swift */; };
		A0C135F72861D8EB00BFB841 /* MovieTrimEditor.swift in Sources */ = {isa = PBXBuildFile; fileRef = A07F58FC2861D19E000220E7 /* MovieTrimEditor.swift */; };
		A0D7C03F2876DD6200BC2FAD /* UIWindow+Orientation.swift in Sources */ = {isa = PBXBuildFile; fileRef = A0D7C03E2876DD6200BC2FAD /* UIWindow+Orientation.swift */; };
		A0DA208D2843644E00604A5D /* DefaultStudio.swift in Sources */ = {isa = PBXBuildFile; fileRef = A0DA208C2843644E00604A5D /* DefaultStudio.swift */; };
		A0F4461B28572C3C00932C21 /* AssetScreenViewController.swift in Sources */ = {isa = PBXBuildFile; fileRef = A0F4461A28572C3C00932C21 /* AssetScreenViewController.swift */; };
		A0F4462028572D4700932C21 /* AssetScreenUseCase.swift in Sources */ = {isa = PBXBuildFile; fileRef = A0F4461F28572D4700932C21 /* AssetScreenUseCase.swift */; };
		A0F4462228572D5000932C21 /* AssetScreenViewModel.swift in Sources */ = {isa = PBXBuildFile; fileRef = A0F4462128572D5000932C21 /* AssetScreenViewModel.swift */; };
		A0FC36D528892E320007EEF5 /* FilterRenderer.swift in Sources */ = {isa = PBXBuildFile; fileRef = A0FC36D428892E320007EEF5 /* FilterRenderer.swift */; };
		A0FC36DB288931230007EEF5 /* LookupFilter.metal in Sources */ = {isa = PBXBuildFile; fileRef = A0FC36DA288931230007EEF5 /* LookupFilter.metal */; };
		A0FC36DD288938A90007EEF5 /* LookupMetalRenderer.swift in Sources */ = {isa = PBXBuildFile; fileRef = A0FC36DC288938A90007EEF5 /* LookupMetalRenderer.swift */; };
		A0FC36DF28893E860007EEF5 /* RosyEffect.metal in Sources */ = {isa = PBXBuildFile; fileRef = A0FC36DE28893E860007EEF5 /* RosyEffect.metal */; };
		A0FC36E028893EC70007EEF5 /* RosyMetalRenderer.swift in Sources */ = {isa = PBXBuildFile; fileRef = A0FC36D628892E550007EEF5 /* RosyMetalRenderer.swift */; };
/* End PBXBuildFile section */

/* Begin PBXFileReference section */
		5B5CA06E605C74C1EE2DEB64 /* Pods-CameraPractice.release.xcconfig */ = {isa = PBXFileReference; includeInIndex = 1; lastKnownFileType = text.xcconfig; name = "Pods-CameraPractice.release.xcconfig"; path = "Target Support Files/Pods-CameraPractice/Pods-CameraPractice.release.xcconfig"; sourceTree = "<group>"; };
		A01287D5284456650068A093 /* DefaultDeviceConfiguration.swift */ = {isa = PBXFileReference; lastKnownFileType = sourcecode.swift; path = DefaultDeviceConfiguration.swift; sourceTree = "<group>"; };
		A0190F412875203B000F5753 /* ScreenMetalView.swift */ = {isa = PBXFileReference; lastKnownFileType = sourcecode.swift; path = ScreenMetalView.swift; sourceTree = "<group>"; };
		A0190F4528755424000F5753 /* PassThrough.metal */ = {isa = PBXFileReference; lastKnownFileType = sourcecode.metal; path = PassThrough.metal; sourceTree = "<group>"; };
		A030308728532604008BB69D /* RecordTimer.swift */ = {isa = PBXFileReference; lastKnownFileType = sourcecode.swift; path = RecordTimer.swift; sourceTree = "<group>"; };
		A0303089285346C9008BB69D /* DefaultPhotoSettings.swift */ = {isa = PBXFileReference; lastKnownFileType = sourcecode.swift; path = DefaultPhotoSettings.swift; sourceTree = "<group>"; };
		A03B43992858473B0050B656 /* DefaultAssetScreenRepository.swift */ = {isa = PBXFileReference; lastKnownFileType = sourcecode.swift; path = DefaultAssetScreenRepository.swift; sourceTree = "<group>"; };
		A03B439B285847520050B656 /* AssetScreenRepository.swift */ = {isa = PBXFileReference; lastKnownFileType = sourcecode.swift; path = AssetScreenRepository.swift; sourceTree = "<group>"; };
		A049FF6D288A4339009A2E2F /* FilterResources.bundle */ = {isa = PBXFileReference; lastKnownFileType = "wrapper.plug-in"; path = FilterResources.bundle; sourceTree = "<group>"; };
		A06975D52865922B00FE8462 /* ImageManager.swift */ = {isa = PBXFileReference; lastKnownFileType = sourcecode.swift; path = ImageManager.swift; sourceTree = "<group>"; };
		A06975D8286592F700FE8462 /* CachingImageManager.swift */ = {isa = PBXFileReference; lastKnownFileType = sourcecode.swift; path = CachingImageManager.swift; sourceTree = "<group>"; };
		A06975DB286593DA00FE8462 /* ImageRequestOptions.swift */ = {isa = PBXFileReference; lastKnownFileType = sourcecode.swift; path = ImageRequestOptions.swift; sourceTree = "<group>"; };
		A06975DE2865961B00FE8462 /* VideoRequestOptions.swift */ = {isa = PBXFileReference; lastKnownFileType = sourcecode.swift; path = VideoRequestOptions.swift; sourceTree = "<group>"; };
		A07F58F12861CE23000220E7 /* MovieTrimViewModel.swift */ = {isa = PBXFileReference; lastKnownFileType = sourcecode.swift; path = MovieTrimViewModel.swift; sourceTree = "<group>"; };
		A07F58F32861CE35000220E7 /* MovieTrimViewController.swift */ = {isa = PBXFileReference; lastKnownFileType = sourcecode.swift; path = MovieTrimViewController.swift; sourceTree = "<group>"; };
		A07F58F92861D144000220E7 /* MovieTrimUseCase.swift */ = {isa = PBXFileReference; lastKnownFileType = sourcecode.swift; path = MovieTrimUseCase.swift; sourceTree = "<group>"; };
		A07F58FC2861D19E000220E7 /* MovieTrimEditor.swift */ = {isa = PBXFileReference; lastKnownFileType = sourcecode.swift; path = MovieTrimEditor.swift; sourceTree = "<group>"; };
		A07F58FD2861D2BA000220E7 /* DefaultMovieTrimRepository.swift */ = {isa = PBXFileReference; lastKnownFileType = sourcecode.swift; path = DefaultMovieTrimRepository.swift; sourceTree = "<group>"; };
		A07F58FF2861D2D3000220E7 /* MovieTrimRepository.swift */ = {isa = PBXFileReference; lastKnownFileType = sourcecode.swift; path = MovieTrimRepository.swift; sourceTree = "<group>"; };
		A083B74428506C9600949ED4 /* PhotoCaptureProcessor.swift */ = {isa = PBXFileReference; lastKnownFileType = sourcecode.swift; path = PhotoCaptureProcessor.swift; sourceTree = "<group>"; };
		A0843649286AE6D6004E8FFE /* AVAssetTrack+CGAffineTransform.swift */ = {isa = PBXFileReference; lastKnownFileType = sourcecode.swift; path = "AVAssetTrack+CGAffineTransform.swift"; sourceTree = "<group>"; };
		A085168B2859A6BF0034D662 /* AssetsCollectionViewCell.swift */ = {isa = PBXFileReference; lastKnownFileType = sourcecode.swift; path = AssetsCollectionViewCell.swift; sourceTree = "<group>"; };
		A087047B2862E9B90091418D /* MovieCombineEditor.swift */ = {isa = PBXFileReference; lastKnownFileType = sourcecode.swift; path = MovieCombineEditor.swift; sourceTree = "<group>"; };
		A08F070E2857346E005AE166 /* MediaPickerViewController.swift */ = {isa = PBXFileReference; lastKnownFileType = sourcecode.swift; path = MediaPickerViewController.swift; sourceTree = "<group>"; };
		A08F071328573A8A005AE166 /* MediaPickerUseCase.swift */ = {isa = PBXFileReference; lastKnownFileType = sourcecode.swift; path = MediaPickerUseCase.swift; sourceTree = "<group>"; };
		A08F071628573ABA005AE166 /* MediaPickerViewModel.swift */ = {isa = PBXFileReference; lastKnownFileType = sourcecode.swift; path = MediaPickerViewModel.swift; sourceTree = "<group>"; };
		A08F071828573B18005AE166 /* DefaultMediaPickerRepository.swift */ = {isa = PBXFileReference; lastKnownFileType = sourcecode.swift; path = DefaultMediaPickerRepository.swift; sourceTree = "<group>"; };
		A08F071A28573B27005AE166 /* MediaPickerRepository.swift */ = {isa = PBXFileReference; lastKnownFileType = sourcecode.swift; path = MediaPickerRepository.swift; sourceTree = "<group>"; };
		A0985E9A2873D1CD00C386DE /* MovieRecorder.swift */ = {isa = PBXFileReference; lastKnownFileType = sourcecode.swift; path = MovieRecorder.swift; sourceTree = "<group>"; };
		A0985E9C2873D9CB00C386DE /* AVCaptureVideoOrientation.swift */ = {isa = PBXFileReference; lastKnownFileType = sourcecode.swift; path = AVCaptureVideoOrientation.swift; sourceTree = "<group>"; };
		A0985E9E2873D9F900C386DE /* AVCaptureConnection.swift */ = {isa = PBXFileReference; lastKnownFileType = sourcecode.swift; path = AVCaptureConnection.swift; sourceTree = "<group>"; };
		A0A096862840900B00BCB214 /* CameraPractice.app */ = {isa = PBXFileReference; explicitFileType = wrapper.application; includeInIndex = 0; path = CameraPractice.app; sourceTree = BUILT_PRODUCTS_DIR; };
		A0A096892840900B00BCB214 /* AppDelegate.swift */ = {isa = PBXFileReference; lastKnownFileType = sourcecode.swift; path = AppDelegate.swift; sourceTree = "<group>"; };
		A0A0968B2840900B00BCB214 /* SceneDelegate.swift */ = {isa = PBXFileReference; lastKnownFileType = sourcecode.swift; path = SceneDelegate.swift; sourceTree = "<group>"; };
		A0A096922840900D00BCB214 /* Assets.xcassets */ = {isa = PBXFileReference; lastKnownFileType = folder.assetcatalog; path = Assets.xcassets; sourceTree = "<group>"; };
		A0A096952840900D00BCB214 /* Base */ = {isa = PBXFileReference; lastKnownFileType = file.storyboard; name = Base; path = Base.lproj/LaunchScreen.storyboard; sourceTree = "<group>"; };
		A0A096972840900D00BCB214 /* Info.plist */ = {isa = PBXFileReference; lastKnownFileType = text.plist.xml; path = Info.plist; sourceTree = "<group>"; };
		A0A096A7284090FD00BCB214 /* SceneDIContainer.swift */ = {isa = PBXFileReference; lastKnownFileType = sourcecode.swift; path = SceneDIContainer.swift; sourceTree = "<group>"; };
		A0A096A92840910500BCB214 /* AppDIContainer.swift */ = {isa = PBXFileReference; lastKnownFileType = sourcecode.swift; path = AppDIContainer.swift; sourceTree = "<group>"; };
		A0A096AB2840911B00BCB214 /* AppFlowCoordinator.swift */ = {isa = PBXFileReference; lastKnownFileType = sourcecode.swift; path = AppFlowCoordinator.swift; sourceTree = "<group>"; };
		A0A096AE2840918900BCB214 /* ViewFlowCoordinator.swift */ = {isa = PBXFileReference; lastKnownFileType = sourcecode.swift; path = ViewFlowCoordinator.swift; sourceTree = "<group>"; };
		A0A096B02840AC4F00BCB214 /* StudioViewController.swift */ = {isa = PBXFileReference; lastKnownFileType = sourcecode.swift; path = StudioViewController.swift; sourceTree = "<group>"; };
		A0A096B42840ACAD00BCB214 /* StudioViewModel.swift */ = {isa = PBXFileReference; lastKnownFileType = sourcecode.swift; path = StudioViewModel.swift; sourceTree = "<group>"; };
		A0A096B82840ACE000BCB214 /* StudioUseCase.swift */ = {isa = PBXFileReference; lastKnownFileType = sourcecode.swift; path = StudioUseCase.swift; sourceTree = "<group>"; };
		A0A096BA2840AD0100BCB214 /* StudioRepository.swift */ = {isa = PBXFileReference; lastKnownFileType = sourcecode.swift; path = StudioRepository.swift; sourceTree = "<group>"; };
		A0A096BC2840AD1D00BCB214 /* DefaultStudioRepository.swift */ = {isa = PBXFileReference; lastKnownFileType = sourcecode.swift; path = DefaultStudioRepository.swift; sourceTree = "<group>"; };
		A0A096BF2840AF5300BCB214 /* Observable.swift */ = {isa = PBXFileReference; lastKnownFileType = sourcecode.swift; path = Observable.swift; sourceTree = "<group>"; };
		A0A096C52840C08A00BCB214 /* AuthorizationManager.swift */ = {isa = PBXFileReference; lastKnownFileType = sourcecode.swift; path = AuthorizationManager.swift; sourceTree = "<group>"; };
		A0BE9E57285C4FF8001B9240 /* AssetEditor.swift */ = {isa = PBXFileReference; lastKnownFileType = sourcecode.swift; path = AssetEditor.swift; sourceTree = "<group>"; };
		A0D7C03E2876DD6200BC2FAD /* UIWindow+Orientation.swift */ = {isa = PBXFileReference; lastKnownFileType = sourcecode.swift; path = "UIWindow+Orientation.swift"; sourceTree = "<group>"; };
		A0DA208C2843644E00604A5D /* DefaultStudio.swift */ = {isa = PBXFileReference; lastKnownFileType = sourcecode.swift; path = DefaultStudio.swift; sourceTree = "<group>"; };
		A0F4461A28572C3C00932C21 /* AssetScreenViewController.swift */ = {isa = PBXFileReference; lastKnownFileType = sourcecode.swift; path = AssetScreenViewController.swift; sourceTree = "<group>"; };
		A0F4461F28572D4700932C21 /* AssetScreenUseCase.swift */ = {isa = PBXFileReference; lastKnownFileType = sourcecode.swift; path = AssetScreenUseCase.swift; sourceTree = "<group>"; };
		A0F4462128572D5000932C21 /* AssetScreenViewModel.swift */ = {isa = PBXFileReference; lastKnownFileType = sourcecode.swift; path = AssetScreenViewModel.swift; sourceTree = "<group>"; };
		A0FC36D428892E320007EEF5 /* FilterRenderer.swift */ = {isa = PBXFileReference; lastKnownFileType = sourcecode.swift; path = FilterRenderer.swift; sourceTree = "<group>"; };
		A0FC36D628892E550007EEF5 /* RosyMetalRenderer.swift */ = {isa = PBXFileReference; lastKnownFileType = sourcecode.swift; path = RosyMetalRenderer.swift; sourceTree = "<group>"; };
		A0FC36DA288931230007EEF5 /* LookupFilter.metal */ = {isa = PBXFileReference; fileEncoding = 4; lastKnownFileType = sourcecode.metal; path = LookupFilter.metal; sourceTree = "<group>"; };
		A0FC36DC288938A90007EEF5 /* LookupMetalRenderer.swift */ = {isa = PBXFileReference; lastKnownFileType = sourcecode.swift; path = LookupMetalRenderer.swift; sourceTree = "<group>"; };
		A0FC36DE28893E860007EEF5 /* RosyEffect.metal */ = {isa = PBXFileReference; lastKnownFileType = sourcecode.metal; path = RosyEffect.metal; sourceTree = "<group>"; };
		BFB10BA060D23B295B40FEF6 /* libPods-CameraPractice.a */ = {isa = PBXFileReference; explicitFileType = archive.ar; includeInIndex = 0; path = "libPods-CameraPractice.a"; sourceTree = BUILT_PRODUCTS_DIR; };
		FF9C11EFDC1D3A534ECBAAC5 /* Pods-CameraPractice.debug.xcconfig */ = {isa = PBXFileReference; includeInIndex = 1; lastKnownFileType = text.xcconfig; name = "Pods-CameraPractice.debug.xcconfig"; path = "Target Support Files/Pods-CameraPractice/Pods-CameraPractice.debug.xcconfig"; sourceTree = "<group>"; };
/* End PBXFileReference section */

/* Begin PBXFrameworksBuildPhase section */
		A0A096832840900B00BCB214 /* Frameworks */ = {
			isa = PBXFrameworksBuildPhase;
			buildActionMask = 2147483647;
			files = (
				9B2373B708CEDE453110E580 /* libPods-CameraPractice.a in Frameworks */,
			);
			runOnlyForDeploymentPostprocessing = 0;
		};
/* End PBXFrameworksBuildPhase section */

/* Begin PBXGroup section */
		A0190F432875541B000F5753 /* Shaders */ = {
			isa = PBXGroup;
			children = (
				A0FC36DA288931230007EEF5 /* LookupFilter.metal */,
				A0FC36DE28893E860007EEF5 /* RosyEffect.metal */,
				A0190F4528755424000F5753 /* PassThrough.metal */,
			);
			path = Shaders;
			sourceTree = "<group>";
		};
		A0303086285325FC008BB69D /* RecordTimer */ = {
			isa = PBXGroup;
			children = (
				A030308728532604008BB69D /* RecordTimer.swift */,
			);
			path = RecordTimer;
			sourceTree = "<group>";
		};
		A048F8B828698861005E9832 /* AssetEditors */ = {
			isa = PBXGroup;
			children = (
				A087047A2862E9A80091418D /* MovieCombineEditor */,
				A07F58FB2861D195000220E7 /* MovieTrimEditor */,
				A0BE9E56285C4FD4001B9240 /* AssetEditor */,
			);
			path = AssetEditors;
			sourceTree = "<group>";
		};
		A06975D42865922000FE8462 /* ImageManager */ = {
			isa = PBXGroup;
			children = (
				A06975D52865922B00FE8462 /* ImageManager.swift */,
			);
			path = ImageManager;
			sourceTree = "<group>";
		};
		A06975D7286592EF00FE8462 /* CachingImageManager */ = {
			isa = PBXGroup;
			children = (
				A06975D8286592F700FE8462 /* CachingImageManager.swift */,
			);
			path = CachingImageManager;
			sourceTree = "<group>";
		};
		A06975DA286593BC00FE8462 /* ImageRequestOptions */ = {
			isa = PBXGroup;
			children = (
				A06975DB286593DA00FE8462 /* ImageRequestOptions.swift */,
			);
			path = ImageRequestOptions;
			sourceTree = "<group>";
		};
		A06975DD2865960D00FE8462 /* VideoRequestOptions */ = {
			isa = PBXGroup;
			children = (
				A06975DE2865961B00FE8462 /* VideoRequestOptions.swift */,
			);
			path = VideoRequestOptions;
			sourceTree = "<group>";
		};
		A07F58EE2861CDF0000220E7 /* MovieTrimView */ = {
			isa = PBXGroup;
			children = (
				A07F58EF2861CE0F000220E7 /* ViewModel */,
				A07F58F02861CE14000220E7 /* Controller */,
			);
			path = MovieTrimView;
			sourceTree = "<group>";
		};
		A07F58EF2861CE0F000220E7 /* ViewModel */ = {
			isa = PBXGroup;
			children = (
				A07F58F12861CE23000220E7 /* MovieTrimViewModel.swift */,
			);
			path = ViewModel;
			sourceTree = "<group>";
		};
		A07F58F02861CE14000220E7 /* Controller */ = {
			isa = PBXGroup;
			children = (
				A07F58F32861CE35000220E7 /* MovieTrimViewController.swift */,
			);
			path = Controller;
			sourceTree = "<group>";
		};
		A07F58F52861D030000220E7 /* Entity */ = {
			isa = PBXGroup;
			children = (
			);
			path = Entity;
			sourceTree = "<group>";
		};
		A07F58F82861D137000220E7 /* MovieTrimUseCase */ = {
			isa = PBXGroup;
			children = (
				A07F58F92861D144000220E7 /* MovieTrimUseCase.swift */,
			);
			path = MovieTrimUseCase;
			sourceTree = "<group>";
		};
		A07F58FB2861D195000220E7 /* MovieTrimEditor */ = {
			isa = PBXGroup;
			children = (
				A07F58FC2861D19E000220E7 /* MovieTrimEditor.swift */,
			);
			path = MovieTrimEditor;
			sourceTree = "<group>";
		};
		A083B7482850989B00949ED4 /* DefaultDeviceConfiguration */ = {
			isa = PBXGroup;
			children = (
				A01287D5284456650068A093 /* DefaultDeviceConfiguration.swift */,
			);
			path = DefaultDeviceConfiguration;
			sourceTree = "<group>";
		};
		A0843648286AE6CC004E8FFE /* Extension */ = {
			isa = PBXGroup;
			children = (
				A0843649286AE6D6004E8FFE /* AVAssetTrack+CGAffineTransform.swift */,
				A0985E9C2873D9CB00C386DE /* AVCaptureVideoOrientation.swift */,
				A0985E9E2873D9F900C386DE /* AVCaptureConnection.swift */,
				A0D7C03E2876DD6200BC2FAD /* UIWindow+Orientation.swift */,
			);
			path = Extension;
			sourceTree = "<group>";
		};
		A085168A2859A69D0034D662 /* View */ = {
			isa = PBXGroup;
			children = (
				A085168B2859A6BF0034D662 /* AssetsCollectionViewCell.swift */,
			);
			path = View;
			sourceTree = "<group>";
		};
		A087047A2862E9A80091418D /* MovieCombineEditor */ = {
			isa = PBXGroup;
			children = (
				A087047B2862E9B90091418D /* MovieCombineEditor.swift */,
			);
			path = MovieCombineEditor;
			sourceTree = "<group>";
		};
		A08F070C28573440005AE166 /* MediaPickerView */ = {
			isa = PBXGroup;
			children = (
				A085168A2859A69D0034D662 /* View */,
				A08F071528573AAA005AE166 /* ViewModel */,
				A08F070D2857344D005AE166 /* Controller */,
			);
			path = MediaPickerView;
			sourceTree = "<group>";
		};
		A08F070D2857344D005AE166 /* Controller */ = {
			isa = PBXGroup;
			children = (
				A08F070E2857346E005AE166 /* MediaPickerViewController.swift */,
			);
			path = Controller;
			sourceTree = "<group>";
		};
		A08F071228573A75005AE166 /* MediaPickerUseCase */ = {
			isa = PBXGroup;
			children = (
				A08F071328573A8A005AE166 /* MediaPickerUseCase.swift */,
			);
			path = MediaPickerUseCase;
			sourceTree = "<group>";
		};
		A08F071528573AAA005AE166 /* ViewModel */ = {
			isa = PBXGroup;
			children = (
				A08F071628573ABA005AE166 /* MediaPickerViewModel.swift */,
			);
			path = ViewModel;
			sourceTree = "<group>";
		};
		A0A0967D2840900B00BCB214 = {
			isa = PBXGroup;
			children = (
				A0A096882840900B00BCB214 /* CameraPractice */,
				A0A096872840900B00BCB214 /* Products */,
				C168D6BC77B8CFCD3D1FD9BC /* Pods */,
				FA43348C704AC43944C6E981 /* Frameworks */,
			);
			sourceTree = "<group>";
		};
		A0A096872840900B00BCB214 /* Products */ = {
			isa = PBXGroup;
			children = (
				A0A096862840900B00BCB214 /* CameraPractice.app */,
			);
			name = Products;
			sourceTree = "<group>";
		};
		A0A096882840900B00BCB214 /* CameraPractice */ = {
			isa = PBXGroup;
			children = (
				A0843648286AE6CC004E8FFE /* Extension */,
				A0A0969D2840903600BCB214 /* Resources */,
				A0A0969F2840905C00BCB214 /* Application */,
				A0A0969E2840905600BCB214 /* Presentation */,
				A0A096A12840907000BCB214 /* Domain */,
				A0A096A42840909600BCB214 /* Data */,
				A0A096A32840909000BCB214 /* Infrastructure */,
			);
			path = CameraPractice;
			sourceTree = "<group>";
		};
		A0A0969D2840903600BCB214 /* Resources */ = {
			isa = PBXGroup;
			children = (
				A049FF6D288A4339009A2E2F /* FilterResources.bundle */,
				A0190F432875541B000F5753 /* Shaders */,
				A0A096922840900D00BCB214 /* Assets.xcassets */,
				A0A096942840900D00BCB214 /* LaunchScreen.storyboard */,
				A0A096972840900D00BCB214 /* Info.plist */,
			);
			path = Resources;
			sourceTree = "<group>";
		};
		A0A0969E2840905600BCB214 /* Presentation */ = {
			isa = PBXGroup;
			children = (
				A0A096BE2840AF4300BCB214 /* Utility */,
				A0A096A02840905E00BCB214 /* Flows */,
				A0A096AD2840917500BCB214 /* StudioView */,
				A08F070C28573440005AE166 /* MediaPickerView */,
				A0F4461628572B5100932C21 /* AssetScreenView */,
				A07F58EE2861CDF0000220E7 /* MovieTrimView */,
			);
			path = Presentation;
			sourceTree = "<group>";
		};
		A0A0969F2840905C00BCB214 /* Application */ = {
			isa = PBXGroup;
			children = (
				A0A096892840900B00BCB214 /* AppDelegate.swift */,
				A0A0968B2840900B00BCB214 /* SceneDelegate.swift */,
				A0A096AB2840911B00BCB214 /* AppFlowCoordinator.swift */,
				A0A096A6284090E400BCB214 /* DIContainers */,
			);
			path = Application;
			sourceTree = "<group>";
		};
		A0A096A02840905E00BCB214 /* Flows */ = {
			isa = PBXGroup;
			children = (
				A0A096AE2840918900BCB214 /* ViewFlowCoordinator.swift */,
			);
			path = Flows;
			sourceTree = "<group>";
		};
		A0A096A12840907000BCB214 /* Domain */ = {
			isa = PBXGroup;
			children = (
				A048F8B828698861005E9832 /* AssetEditors */,
				A07F58F52861D030000220E7 /* Entity */,
				A0A096B62840ACCE00BCB214 /* Interface */,
				A0A096A22840908B00BCB214 /* UseCase */,
			);
			path = Domain;
			sourceTree = "<group>";
		};
		A0A096A22840908B00BCB214 /* UseCase */ = {
			isa = PBXGroup;
			children = (
				A0F4461C28572D2200932C21 /* StudioUseCase */,
				A08F071228573A75005AE166 /* MediaPickerUseCase */,
				A0F4461D28572D2A00932C21 /* AssetScreenUseCase */,
				A07F58F82861D137000220E7 /* MovieTrimUseCase */,
			);
			path = UseCase;
			sourceTree = "<group>";
		};
		A0A096A32840909000BCB214 /* Infrastructure */ = {
			isa = PBXGroup;
			children = (
				A06975DD2865960D00FE8462 /* VideoRequestOptions */,
				A06975DA286593BC00FE8462 /* ImageRequestOptions */,
				A06975D7286592EF00FE8462 /* CachingImageManager */,
				A06975D42865922000FE8462 /* ImageManager */,
				A0A096C42840C07200BCB214 /* AuthorizationManager */,
			);
			path = Infrastructure;
			sourceTree = "<group>";
		};
		A0A096A42840909600BCB214 /* Data */ = {
			isa = PBXGroup;
			children = (
				A0A096B72840ACD200BCB214 /* Repository */,
			);
			path = Data;
			sourceTree = "<group>";
		};
		A0A096A6284090E400BCB214 /* DIContainers */ = {
			isa = PBXGroup;
			children = (
				A0A096A7284090FD00BCB214 /* SceneDIContainer.swift */,
				A0A096A92840910500BCB214 /* AppDIContainer.swift */,
			);
			path = DIContainers;
			sourceTree = "<group>";
		};
		A0A096AD2840917500BCB214 /* StudioView */ = {
			isa = PBXGroup;
			children = (
				A0FC36D228892E180007EEF5 /* FilterRenderers */,
				A083B7482850989B00949ED4 /* DefaultDeviceConfiguration */,
				A0DA208B2843643F00604A5D /* DefaultStudio */,
				A0A096C12840B9CD00BCB214 /* View */,
				A0A096B32840ACA100BCB214 /* ViewModel */,
				A0A096B22840AC9D00BCB214 /* Controller */,
			);
			path = StudioView;
			sourceTree = "<group>";
		};
		A0A096B22840AC9D00BCB214 /* Controller */ = {
			isa = PBXGroup;
			children = (
				A0A096B02840AC4F00BCB214 /* StudioViewController.swift */,
			);
			path = Controller;
			sourceTree = "<group>";
		};
		A0A096B32840ACA100BCB214 /* ViewModel */ = {
			isa = PBXGroup;
			children = (
				A0303086285325FC008BB69D /* RecordTimer */,
				A0A096B42840ACAD00BCB214 /* StudioViewModel.swift */,
			);
			path = ViewModel;
			sourceTree = "<group>";
		};
		A0A096B62840ACCE00BCB214 /* Interface */ = {
			isa = PBXGroup;
			children = (
				A0A096BA2840AD0100BCB214 /* StudioRepository.swift */,
				A08F071A28573B27005AE166 /* MediaPickerRepository.swift */,
				A03B439B285847520050B656 /* AssetScreenRepository.swift */,
				A07F58FF2861D2D3000220E7 /* MovieTrimRepository.swift */,
			);
			path = Interface;
			sourceTree = "<group>";
		};
		A0A096B72840ACD200BCB214 /* Repository */ = {
			isa = PBXGroup;
			children = (
				A0A096BC2840AD1D00BCB214 /* DefaultStudioRepository.swift */,
				A08F071828573B18005AE166 /* DefaultMediaPickerRepository.swift */,
				A03B43992858473B0050B656 /* DefaultAssetScreenRepository.swift */,
				A07F58FD2861D2BA000220E7 /* DefaultMovieTrimRepository.swift */,
			);
			path = Repository;
			sourceTree = "<group>";
		};
		A0A096BE2840AF4300BCB214 /* Utility */ = {
			isa = PBXGroup;
			children = (
				A0A096BF2840AF5300BCB214 /* Observable.swift */,
			);
			path = Utility;
			sourceTree = "<group>";
		};
		A0A096C12840B9CD00BCB214 /* View */ = {
			isa = PBXGroup;
			children = (
				A0190F412875203B000F5753 /* ScreenMetalView.swift */,
			);
			path = View;
			sourceTree = "<group>";
		};
		A0A096C42840C07200BCB214 /* AuthorizationManager */ = {
			isa = PBXGroup;
			children = (
				A0A096C52840C08A00BCB214 /* AuthorizationManager.swift */,
			);
			path = AuthorizationManager;
			sourceTree = "<group>";
		};
		A0BE9E56285C4FD4001B9240 /* AssetEditor */ = {
			isa = PBXGroup;
			children = (
				A0BE9E57285C4FF8001B9240 /* AssetEditor.swift */,
			);
			path = AssetEditor;
			sourceTree = "<group>";
		};
		A0DA208B2843643F00604A5D /* DefaultStudio */ = {
			isa = PBXGroup;
			children = (
				A0303089285346C9008BB69D /* DefaultPhotoSettings.swift */,
				A0DA208C2843644E00604A5D /* DefaultStudio.swift */,
			);
			path = DefaultStudio;
			sourceTree = "<group>";
		};
		A0F4461628572B5100932C21 /* AssetScreenView */ = {
			isa = PBXGroup;
			children = (
				A0F4461E28572D3900932C21 /* ViewModel */,
				A0F4461728572BE300932C21 /* Controller */,
			);
			path = AssetScreenView;
			sourceTree = "<group>";
		};
		A0F4461728572BE300932C21 /* Controller */ = {
			isa = PBXGroup;
			children = (
				A0F4461A28572C3C00932C21 /* AssetScreenViewController.swift */,
			);
			path = Controller;
			sourceTree = "<group>";
		};
		A0F4461C28572D2200932C21 /* StudioUseCase */ = {
			isa = PBXGroup;
			children = (
				A0985E9A2873D1CD00C386DE /* MovieRecorder.swift */,
				A083B74428506C9600949ED4 /* PhotoCaptureProcessor.swift */,
				A0A096B82840ACE000BCB214 /* StudioUseCase.swift */,
			);
			path = StudioUseCase;
			sourceTree = "<group>";
		};
		A0F4461D28572D2A00932C21 /* AssetScreenUseCase */ = {
			isa = PBXGroup;
			children = (
				A0F4461F28572D4700932C21 /* AssetScreenUseCase.swift */,
			);
			path = AssetScreenUseCase;
			sourceTree = "<group>";
		};
		A0F4461E28572D3900932C21 /* ViewModel */ = {
			isa = PBXGroup;
			children = (
				A0F4462128572D5000932C21 /* AssetScreenViewModel.swift */,
			);
			path = ViewModel;
			sourceTree = "<group>";
		};
		A0FC36D228892E180007EEF5 /* FilterRenderers */ = {
			isa = PBXGroup;
			children = (
				A0FC36D428892E320007EEF5 /* FilterRenderer.swift */,
				A0FC36D328892E210007EEF5 /* Renderers */,
			);
			path = FilterRenderers;
			sourceTree = "<group>";
		};
		A0FC36D328892E210007EEF5 /* Renderers */ = {
			isa = PBXGroup;
			children = (
				A0FC36D628892E550007EEF5 /* RosyMetalRenderer.swift */,
				A0FC36DC288938A90007EEF5 /* LookupMetalRenderer.swift */,
			);
			path = Renderers;
			sourceTree = "<group>";
		};
		C168D6BC77B8CFCD3D1FD9BC /* Pods */ = {
			isa = PBXGroup;
			children = (
				FF9C11EFDC1D3A534ECBAAC5 /* Pods-CameraPractice.debug.xcconfig */,
				5B5CA06E605C74C1EE2DEB64 /* Pods-CameraPractice.release.xcconfig */,
			);
			path = Pods;
			sourceTree = "<group>";
		};
		FA43348C704AC43944C6E981 /* Frameworks */ = {
			isa = PBXGroup;
			children = (
				BFB10BA060D23B295B40FEF6 /* libPods-CameraPractice.a */,
			);
			name = Frameworks;
			sourceTree = "<group>";
		};
/* End PBXGroup section */

/* Begin PBXNativeTarget section */
		A0A096852840900B00BCB214 /* CameraPractice */ = {
			isa = PBXNativeTarget;
			buildConfigurationList = A0A0969A2840900D00BCB214 /* Build configuration list for PBXNativeTarget "CameraPractice" */;
			buildPhases = (
				0442E93A301EB2731418F525 /* [CP] Check Pods Manifest.lock */,
				A0A096822840900B00BCB214 /* Sources */,
				A0A096832840900B00BCB214 /* Frameworks */,
				A0A096842840900B00BCB214 /* Resources */,
			);
			buildRules = (
			);
			dependencies = (
			);
			name = CameraPractice;
			productName = CameraPractice;
			productReference = A0A096862840900B00BCB214 /* CameraPractice.app */;
			productType = "com.apple.product-type.application";
		};
/* End PBXNativeTarget section */

/* Begin PBXProject section */
		A0A0967E2840900B00BCB214 /* Project object */ = {
			isa = PBXProject;
			attributes = {
				BuildIndependentTargetsInParallel = 1;
				LastSwiftUpdateCheck = 1340;
				LastUpgradeCheck = 1340;
				TargetAttributes = {
					A0A096852840900B00BCB214 = {
						CreatedOnToolsVersion = 13.4;
					};
				};
			};
			buildConfigurationList = A0A096812840900B00BCB214 /* Build configuration list for PBXProject "CameraPractice" */;
			compatibilityVersion = "Xcode 13.0";
			developmentRegion = en;
			hasScannedForEncodings = 0;
			knownRegions = (
				en,
				Base,
			);
			mainGroup = A0A0967D2840900B00BCB214;
			productRefGroup = A0A096872840900B00BCB214 /* Products */;
			projectDirPath = "";
			projectRoot = "";
			targets = (
				A0A096852840900B00BCB214 /* CameraPractice */,
			);
		};
/* End PBXProject section */

/* Begin PBXResourcesBuildPhase section */
		A0A096842840900B00BCB214 /* Resources */ = {
			isa = PBXResourcesBuildPhase;
			buildActionMask = 2147483647;
			files = (
				A0A096962840900D00BCB214 /* LaunchScreen.storyboard in Resources */,
				A049FF6E288A4339009A2E2F /* FilterResources.bundle in Resources */,
				A0A096932840900D00BCB214 /* Assets.xcassets in Resources */,
			);
			runOnlyForDeploymentPostprocessing = 0;
		};
/* End PBXResourcesBuildPhase section */

/* Begin PBXShellScriptBuildPhase section */
		0442E93A301EB2731418F525 /* [CP] Check Pods Manifest.lock */ = {
			isa = PBXShellScriptBuildPhase;
			buildActionMask = 2147483647;
			files = (
			);
			inputFileListPaths = (
			);
			inputPaths = (
				"${PODS_PODFILE_DIR_PATH}/Podfile.lock",
				"${PODS_ROOT}/Manifest.lock",
			);
			name = "[CP] Check Pods Manifest.lock";
			outputFileListPaths = (
			);
			outputPaths = (
				"$(DERIVED_FILE_DIR)/Pods-CameraPractice-checkManifestLockResult.txt",
			);
			runOnlyForDeploymentPostprocessing = 0;
			shellPath = /bin/sh;
			shellScript = "diff \"${PODS_PODFILE_DIR_PATH}/Podfile.lock\" \"${PODS_ROOT}/Manifest.lock\" > /dev/null\nif [ $? != 0 ] ; then\n    # print error to STDERR\n    echo \"error: The sandbox is not in sync with the Podfile.lock. Run 'pod install' or update your CocoaPods installation.\" >&2\n    exit 1\nfi\n# This output is used by Xcode 'outputs' to avoid re-running this script phase.\necho \"SUCCESS\" > \"${SCRIPT_OUTPUT_FILE_0}\"\n";
			showEnvVarsInLog = 0;
		};
/* End PBXShellScriptBuildPhase section */

/* Begin PBXSourcesBuildPhase section */
		A0A096822840900B00BCB214 /* Sources */ = {
			isa = PBXSourcesBuildPhase;
			buildActionMask = 2147483647;
			files = (
				A049FF6F288A4341009A2E2F /* FilterResources.bundle in Sources */,
				A0FC36E028893EC70007EEF5 /* RosyMetalRenderer.swift in Sources */,
				A0190F5828755602000F5753 /* PassThrough.metal in Sources */,
				A08F071B28573B27005AE166 /* MediaPickerRepository.swift in Sources */,
				A0A096BB2840AD0100BCB214 /* StudioRepository.swift in Sources */,
				A0FC36DF28893E860007EEF5 /* RosyEffect.metal in Sources */,
				A03B439C285847520050B656 /* AssetScreenRepository.swift in Sources */,
				A0F4462228572D5000932C21 /* AssetScreenViewModel.swift in Sources */,
				A0F4461B28572C3C00932C21 /* AssetScreenViewController.swift in Sources */,
				A0985E9B2873D1CD00C386DE /* MovieRecorder.swift in Sources */,
				A06975D9286592F700FE8462 /* CachingImageManager.swift in Sources */,
				A0A0968A2840900B00BCB214 /* AppDelegate.swift in Sources */,
				A0A096AA2840910500BCB214 /* AppDIContainer.swift in Sources */,
				A0985E9D2873D9CB00C386DE /* AVCaptureVideoOrientation.swift in Sources */,
				A0A096BD2840AD1D00BCB214 /* DefaultStudioRepository.swift in Sources */,
				A0DA208D2843644E00604A5D /* DefaultStudio.swift in Sources */,
				A08F071428573A8A005AE166 /* MediaPickerUseCase.swift in Sources */,
				A07F58FE2861D2BA000220E7 /* DefaultMovieTrimRepository.swift in Sources */,
				A08F070F2857346E005AE166 /* MediaPickerViewController.swift in Sources */,
				A0BE9E58285C4FF8001B9240 /* AssetEditor.swift in Sources */,
				A0A096C02840AF5300BCB214 /* Observable.swift in Sources */,
				A083B74528506C9600949ED4 /* PhotoCaptureProcessor.swift in Sources */,
				A0A0968C2840900B00BCB214 /* SceneDelegate.swift in Sources */,
				A0C135F72861D8EB00BFB841 /* MovieTrimEditor.swift in Sources */,
				A0A096AF2840918900BCB214 /* ViewFlowCoordinator.swift in Sources */,
				A03B439A2858473B0050B656 /* DefaultAssetScreenRepository.swift in Sources */,
				A030308A285346C9008BB69D /* DefaultPhotoSettings.swift in Sources */,
				A0FC36DD288938A90007EEF5 /* LookupMetalRenderer.swift in Sources */,
				A0A096B12840AC4F00BCB214 /* StudioViewController.swift in Sources */,
				A06975D62865922B00FE8462 /* ImageManager.swift in Sources */,
				A0985E9F2873D9F900C386DE /* AVCaptureConnection.swift in Sources */,
				A07F58FA2861D144000220E7 /* MovieTrimUseCase.swift in Sources */,
				A07F58F42861CE35000220E7 /* MovieTrimViewController.swift in Sources */,
				A08F071728573ABA005AE166 /* MediaPickerViewModel.swift in Sources */,
				A087047C2862E9B90091418D /* MovieCombineEditor.swift in Sources */,
				A07F59002861D2D3000220E7 /* MovieTrimRepository.swift in Sources */,
				A06975DC286593DA00FE8462 /* ImageRequestOptions.swift in Sources */,
				A085168C2859A6BF0034D662 /* AssetsCollectionViewCell.swift in Sources */,
				A08F071928573B18005AE166 /* DefaultMediaPickerRepository.swift in Sources */,
				A0F4462028572D4700932C21 /* AssetScreenUseCase.swift in Sources */,
				A0A096C62840C08A00BCB214 /* AuthorizationManager.swift in Sources */,
				A0D7C03F2876DD6200BC2FAD /* UIWindow+Orientation.swift in Sources */,
				A07F58F22861CE23000220E7 /* MovieTrimViewModel.swift in Sources */,
				A0FC36D528892E320007EEF5 /* FilterRenderer.swift in Sources */,
				A0A096B52840ACAD00BCB214 /* StudioViewModel.swift in Sources */,
				A0190F422875203B000F5753 /* ScreenMetalView.swift in Sources */,
				A0A096AC2840911B00BCB214 /* AppFlowCoordinator.swift in Sources */,
				A0A096B92840ACE000BCB214 /* StudioUseCase.swift in Sources */,
				A084364A286AE6D6004E8FFE /* AVAssetTrack+CGAffineTransform.swift in Sources */,
				A0FC36DB288931230007EEF5 /* LookupFilter.metal in Sources */,
				A0A096A8284090FD00BCB214 /* SceneDIContainer.swift in Sources */,
				A01287D6284456650068A093 /* DefaultDeviceConfiguration.swift in Sources */,
				A030308828532604008BB69D /* RecordTimer.swift in Sources */,
				A06975DF2865961B00FE8462 /* VideoRequestOptions.swift in Sources */,
			);
			runOnlyForDeploymentPostprocessing = 0;
		};
/* End PBXSourcesBuildPhase section */

/* Begin PBXVariantGroup section */
		A0A096942840900D00BCB214 /* LaunchScreen.storyboard */ = {
			isa = PBXVariantGroup;
			children = (
				A0A096952840900D00BCB214 /* Base */,
			);
			name = LaunchScreen.storyboard;
			sourceTree = "<group>";
		};
/* End PBXVariantGroup section */

/* Begin XCBuildConfiguration section */
		A0A096982840900D00BCB214 /* Debug */ = {
			isa = XCBuildConfiguration;
			buildSettings = {
				ALWAYS_SEARCH_USER_PATHS = NO;
				CLANG_ANALYZER_NONNULL = YES;
				CLANG_ANALYZER_NUMBER_OBJECT_CONVERSION = YES_AGGRESSIVE;
				CLANG_CXX_LANGUAGE_STANDARD = "gnu++17";
				CLANG_ENABLE_MODULES = YES;
				CLANG_ENABLE_OBJC_ARC = YES;
				CLANG_ENABLE_OBJC_WEAK = YES;
				CLANG_WARN_BLOCK_CAPTURE_AUTORELEASING = YES;
				CLANG_WARN_BOOL_CONVERSION = YES;
				CLANG_WARN_COMMA = YES;
				CLANG_WARN_CONSTANT_CONVERSION = YES;
				CLANG_WARN_DEPRECATED_OBJC_IMPLEMENTATIONS = YES;
				CLANG_WARN_DIRECT_OBJC_ISA_USAGE = YES_ERROR;
				CLANG_WARN_DOCUMENTATION_COMMENTS = YES;
				CLANG_WARN_EMPTY_BODY = YES;
				CLANG_WARN_ENUM_CONVERSION = YES;
				CLANG_WARN_INFINITE_RECURSION = YES;
				CLANG_WARN_INT_CONVERSION = YES;
				CLANG_WARN_NON_LITERAL_NULL_CONVERSION = YES;
				CLANG_WARN_OBJC_IMPLICIT_RETAIN_SELF = YES;
				CLANG_WARN_OBJC_LITERAL_CONVERSION = YES;
				CLANG_WARN_OBJC_ROOT_CLASS = YES_ERROR;
				CLANG_WARN_QUOTED_INCLUDE_IN_FRAMEWORK_HEADER = YES;
				CLANG_WARN_RANGE_LOOP_ANALYSIS = YES;
				CLANG_WARN_STRICT_PROTOTYPES = YES;
				CLANG_WARN_SUSPICIOUS_MOVE = YES;
				CLANG_WARN_UNGUARDED_AVAILABILITY = YES_AGGRESSIVE;
				CLANG_WARN_UNREACHABLE_CODE = YES;
				CLANG_WARN__DUPLICATE_METHOD_MATCH = YES;
				COPY_PHASE_STRIP = NO;
				DEBUG_INFORMATION_FORMAT = dwarf;
				ENABLE_STRICT_OBJC_MSGSEND = YES;
				ENABLE_TESTABILITY = YES;
				GCC_C_LANGUAGE_STANDARD = gnu11;
				GCC_DYNAMIC_NO_PIC = NO;
				GCC_NO_COMMON_BLOCKS = YES;
				GCC_OPTIMIZATION_LEVEL = 0;
				GCC_PREPROCESSOR_DEFINITIONS = (
					"DEBUG=1",
					"$(inherited)",
				);
				GCC_WARN_64_TO_32_BIT_CONVERSION = YES;
				GCC_WARN_ABOUT_RETURN_TYPE = YES_ERROR;
				GCC_WARN_UNDECLARED_SELECTOR = YES;
				GCC_WARN_UNINITIALIZED_AUTOS = YES_AGGRESSIVE;
				GCC_WARN_UNUSED_FUNCTION = YES;
				GCC_WARN_UNUSED_VARIABLE = YES;
				IPHONEOS_DEPLOYMENT_TARGET = 14.0;
				MTL_ENABLE_DEBUG_INFO = INCLUDE_SOURCE;
				MTL_FAST_MATH = YES;
				ONLY_ACTIVE_ARCH = YES;
				SDKROOT = iphoneos;
				SWIFT_ACTIVE_COMPILATION_CONDITIONS = DEBUG;
				SWIFT_OPTIMIZATION_LEVEL = "-Onone";
				SWIFT_VERSION = 5.0;
			};
			name = Debug;
		};
		A0A096992840900D00BCB214 /* Release */ = {
			isa = XCBuildConfiguration;
			buildSettings = {
				ALWAYS_SEARCH_USER_PATHS = NO;
				CLANG_ANALYZER_NONNULL = YES;
				CLANG_ANALYZER_NUMBER_OBJECT_CONVERSION = YES_AGGRESSIVE;
				CLANG_CXX_LANGUAGE_STANDARD = "gnu++17";
				CLANG_ENABLE_MODULES = YES;
				CLANG_ENABLE_OBJC_ARC = YES;
				CLANG_ENABLE_OBJC_WEAK = YES;
				CLANG_WARN_BLOCK_CAPTURE_AUTORELEASING = YES;
				CLANG_WARN_BOOL_CONVERSION = YES;
				CLANG_WARN_COMMA = YES;
				CLANG_WARN_CONSTANT_CONVERSION = YES;
				CLANG_WARN_DEPRECATED_OBJC_IMPLEMENTATIONS = YES;
				CLANG_WARN_DIRECT_OBJC_ISA_USAGE = YES_ERROR;
				CLANG_WARN_DOCUMENTATION_COMMENTS = YES;
				CLANG_WARN_EMPTY_BODY = YES;
				CLANG_WARN_ENUM_CONVERSION = YES;
				CLANG_WARN_INFINITE_RECURSION = YES;
				CLANG_WARN_INT_CONVERSION = YES;
				CLANG_WARN_NON_LITERAL_NULL_CONVERSION = YES;
				CLANG_WARN_OBJC_IMPLICIT_RETAIN_SELF = YES;
				CLANG_WARN_OBJC_LITERAL_CONVERSION = YES;
				CLANG_WARN_OBJC_ROOT_CLASS = YES_ERROR;
				CLANG_WARN_QUOTED_INCLUDE_IN_FRAMEWORK_HEADER = YES;
				CLANG_WARN_RANGE_LOOP_ANALYSIS = YES;
				CLANG_WARN_STRICT_PROTOTYPES = YES;
				CLANG_WARN_SUSPICIOUS_MOVE = YES;
				CLANG_WARN_UNGUARDED_AVAILABILITY = YES_AGGRESSIVE;
				CLANG_WARN_UNREACHABLE_CODE = YES;
				CLANG_WARN__DUPLICATE_METHOD_MATCH = YES;
				COPY_PHASE_STRIP = NO;
				DEBUG_INFORMATION_FORMAT = "dwarf-with-dsym";
				ENABLE_NS_ASSERTIONS = NO;
				ENABLE_STRICT_OBJC_MSGSEND = YES;
				GCC_C_LANGUAGE_STANDARD = gnu11;
				GCC_NO_COMMON_BLOCKS = YES;
				GCC_WARN_64_TO_32_BIT_CONVERSION = YES;
				GCC_WARN_ABOUT_RETURN_TYPE = YES_ERROR;
				GCC_WARN_UNDECLARED_SELECTOR = YES;
				GCC_WARN_UNINITIALIZED_AUTOS = YES_AGGRESSIVE;
				GCC_WARN_UNUSED_FUNCTION = YES;
				GCC_WARN_UNUSED_VARIABLE = YES;
				IPHONEOS_DEPLOYMENT_TARGET = 14.0;
				MTL_ENABLE_DEBUG_INFO = NO;
				MTL_FAST_MATH = YES;
				SDKROOT = iphoneos;
				SWIFT_COMPILATION_MODE = wholemodule;
				SWIFT_OPTIMIZATION_LEVEL = "-O";
				SWIFT_VERSION = 5.0;
				VALIDATE_PRODUCT = YES;
			};
			name = Release;
		};
		A0A0969B2840900D00BCB214 /* Debug */ = {
			isa = XCBuildConfiguration;
			baseConfigurationReference = FF9C11EFDC1D3A534ECBAAC5 /* Pods-CameraPractice.debug.xcconfig */;
			buildSettings = {
				ASSETCATALOG_COMPILER_APPICON_NAME = AppIcon;
				ASSETCATALOG_COMPILER_GLOBAL_ACCENT_COLOR_NAME = AccentColor;
				CODE_SIGN_STYLE = Automatic;
				CURRENT_PROJECT_VERSION = 1;
				DEVELOPMENT_TEAM = 3ZJJVW89MW;
				GENERATE_INFOPLIST_FILE = YES;
				INFOPLIST_FILE = CameraPractice/Resources/Info.plist;
				INFOPLIST_KEY_UIApplicationSupportsIndirectInputEvents = YES;
				INFOPLIST_KEY_UILaunchStoryboardName = LaunchScreen;
				INFOPLIST_KEY_UISupportedInterfaceOrientations_iPad = "UIInterfaceOrientationPortrait UIInterfaceOrientationPortraitUpsideDown UIInterfaceOrientationLandscapeLeft UIInterfaceOrientationLandscapeRight";
				INFOPLIST_KEY_UISupportedInterfaceOrientations_iPhone = "UIInterfaceOrientationPortrait UIInterfaceOrientationLandscapeLeft UIInterfaceOrientationLandscapeRight";
				IPHONEOS_DEPLOYMENT_TARGET = 14.0;
				LD_RUNPATH_SEARCH_PATHS = (
					"$(inherited)",
					"@executable_path/Frameworks",
				);
				MARKETING_VERSION = 1.0;
				PRODUCT_BUNDLE_IDENTIFIER = com.practice.CameraPractice;
				PRODUCT_NAME = "$(TARGET_NAME)";
				SUPPORTED_PLATFORMS = "iphoneos iphonesimulator";
				SUPPORTS_MACCATALYST = NO;
				SUPPORTS_MAC_DESIGNED_FOR_IPHONE_IPAD = NO;
				SWIFT_EMIT_LOC_STRINGS = YES;
				SWIFT_VERSION = 5.0;
				TARGETED_DEVICE_FAMILY = 1;
			};
			name = Debug;
		};
		A0A0969C2840900D00BCB214 /* Release */ = {
			isa = XCBuildConfiguration;
			baseConfigurationReference = 5B5CA06E605C74C1EE2DEB64 /* Pods-CameraPractice.release.xcconfig */;
			buildSettings = {
				ASSETCATALOG_COMPILER_APPICON_NAME = AppIcon;
				ASSETCATALOG_COMPILER_GLOBAL_ACCENT_COLOR_NAME = AccentColor;
				CODE_SIGN_STYLE = Automatic;
				CURRENT_PROJECT_VERSION = 1;
				DEVELOPMENT_TEAM = 3ZJJVW89MW;
				GENERATE_INFOPLIST_FILE = YES;
				INFOPLIST_FILE = CameraPractice/Resources/Info.plist;
				INFOPLIST_KEY_UIApplicationSupportsIndirectInputEvents = YES;
				INFOPLIST_KEY_UILaunchStoryboardName = LaunchScreen;
				INFOPLIST_KEY_UISupportedInterfaceOrientations_iPad = "UIInterfaceOrientationPortrait UIInterfaceOrientationPortraitUpsideDown UIInterfaceOrientationLandscapeLeft UIInterfaceOrientationLandscapeRight";
				INFOPLIST_KEY_UISupportedInterfaceOrientations_iPhone = "UIInterfaceOrientationPortrait UIInterfaceOrientationLandscapeLeft UIInterfaceOrientationLandscapeRight";
				IPHONEOS_DEPLOYMENT_TARGET = 14.0;
				LD_RUNPATH_SEARCH_PATHS = (
					"$(inherited)",
					"@executable_path/Frameworks",
				);
				MARKETING_VERSION = 1.0;
				PRODUCT_BUNDLE_IDENTIFIER = com.practice.CameraPractice;
				PRODUCT_NAME = "$(TARGET_NAME)";
				SUPPORTED_PLATFORMS = "iphoneos iphonesimulator";
				SUPPORTS_MACCATALYST = NO;
				SUPPORTS_MAC_DESIGNED_FOR_IPHONE_IPAD = NO;
				SWIFT_EMIT_LOC_STRINGS = YES;
				SWIFT_VERSION = 5.0;
				TARGETED_DEVICE_FAMILY = 1;
			};
			name = Release;
		};
/* End XCBuildConfiguration section */

/* Begin XCConfigurationList section */
		A0A096812840900B00BCB214 /* Build configuration list for PBXProject "CameraPractice" */ = {
			isa = XCConfigurationList;
			buildConfigurations = (
				A0A096982840900D00BCB214 /* Debug */,
				A0A096992840900D00BCB214 /* Release */,
			);
			defaultConfigurationIsVisible = 0;
			defaultConfigurationName = Release;
		};
		A0A0969A2840900D00BCB214 /* Build configuration list for PBXNativeTarget "CameraPractice" */ = {
			isa = XCConfigurationList;
			buildConfigurations = (
				A0A0969B2840900D00BCB214 /* Debug */,
				A0A0969C2840900D00BCB214 /* Release */,
			);
			defaultConfigurationIsVisible = 0;
			defaultConfigurationName = Release;
		};
/* End XCConfigurationList section */
	};
	rootObject = A0A0967E2840900B00BCB214 /* Project object */;
}
