PODS:
  - libwebp (1.2.1):
    - libwebp/demux (= 1.2.1)
    - libwebp/mux (= 1.2.1)
    - libwebp/webp (= 1.2.1)
  - libwebp/demux (1.2.1):
    - libwebp/webp
  - libwebp/mux (1.2.1):
    - libwebp/demux
  - libwebp/webp (1.2.1)
  - SDWebImage (5.13.2):
    - SDWebImage/Core (= 5.13.2)
  - SDWebImage/Core (5.13.2)
  - SDWebImageWebPCoder (0.9.0):
    - libwebp (~> 1.0)
    - SDWebImage/Core (~> 5.13)
  - SnapKit (5.0.1)

DEPENDENCIES:
  - SDWebImage (~> 5.0)
  - SDWebImageWebPCoder
  - SnapKit (~> 5.0.0)

SPEC REPOS:
  trunk:
    - libwebp
    - SDWebImage
    - SDWebImageWebPCoder
    - SnapKit

SPEC CHECKSUMS:
  libwebp: 98a37e597e40bfdb4c911fc98f2c53d0b12d05fc
  SDWebImage: 72f86271a6f3139cc7e4a89220946489d4b9a866
  SDWebImageWebPCoder: 3dc350894112feab5375cfba9ce0986544a66a69
  SnapKit: 97b92857e3df3a0c71833cce143274bf6ef8e5eb

PODFILE CHECKSUM: 56990687c8c7f8de039f127bddf5271de7edfb36

COCOAPODS: 1.11.3
